{
  "name": "bitcoin-whitepaper-exercises",
  "lockfileVersion": 2,
  "requires": true,
  "packages": {
    "": {
      "dependencies": {
        "generate-key": "^0.0.6",
        "i": "^0.3.7"
      }
    },
    "node_modules/coffee-script": {
      "version": "1.6.2",
      "resolved": "https://registry.npmjs.org/coffee-script/-/coffee-script-1.6.2.tgz",
      "integrity": "sha1-/ZyINpweQeMwegoWDXE/IlE8k7M=",
      "deprecated": "CoffeeScript on NPM has moved to \"coffeescript\" (no hyphen)",
      "bin": {
        "cake": "bin/cake",
        "coffee": "bin/coffee"
      },
      "engines": {
        "node": ">=0.8.0"
      }
    },
    "node_modules/generate-key": {
      "version": "0.0.6",
      "resolved": "https://registry.npmjs.org/generate-key/-/generate-key-0.0.6.tgz",
      "integrity": "sha1-1Yqi4HdLzqMFnKo7ObwqCLTb+g4=",
      "dependencies": {
        "coffee-script": "1.6.2"
      }
    },
    "node_modules/i": {
      "version": "0.3.7",
      "resolved": "https://registry.npmjs.org/i/-/i-0.3.7.tgz",
      "integrity": "sha512-FYz4wlXgkQwIPqhzC5TdNMLSE5+GS1IIDJZY/1ZiEPCT2S3COUVZeT5OW4BmW4r5LHLQuOosSwsvnroG9GR59Q==",
      "engines": {
        "node": ">=0.4"
      }
    }
  },
  "dependencies": {
    "coffee-script": {
      "version": "1.6.2",
      "resolved": "https://registry.npmjs.org/coffee-script/-/coffee-script-1.6.2.tgz",
      "integrity": "sha1-/ZyINpweQeMwegoWDXE/IlE8k7M="
    },
    "generate-key": {
      "version": "0.0.6",
      "resolved": "https://registry.npmjs.org/generate-key/-/generate-key-0.0.6.tgz",
      "integrity": "sha1-1Yqi4HdLzqMFnKo7ObwqCLTb+g4=",
      "requires": {
        "coffee-script": "1.6.2"
      }
    },
    "i": {
      "version": "0.3.7",
      "resolved": "https://registry.npmjs.org/i/-/i-0.3.7.tgz",
      "integrity": "sha512-FYz4wlXgkQwIPqhzC5TdNMLSE5+GS1IIDJZY/1ZiEPCT2S3COUVZeT5OW4BmW4r5LHLQuOosSwsvnroG9GR59Q=="
    }
  }
}
